
Microsoft Visual Studio Solution File, Format Version 12.00
# Visual Studio Version 17
VisualStudioVersion = 17.14.35806.103
MinimumVisualStudioVersion = 10.0.40219.1
Project("{FAE04EC0-301F-11D3-BF4B-00C04F79EFBC}") = "MSHTML.Test", "MSHTML.Test.csproj", "{1FBE414B-2F1D-D157-A2DB-1C9978CD871B}"
EndProject
Global
	GlobalSection(SolutionConfigurationPlatforms) = preSolution
		Debug|Any CPU = Debug|Any CPU
		Release|Any CPU = Release|Any CPU
	EndGlobalSection
	GlobalSection(ProjectConfigurationPlatforms) = postSolution
		{1FBE414B-2F1D-D157-A2DB-1C9978CD871B}.Debug|Any CPU.ActiveCfg = Debug|Any CPU
		{1FBE414B-2F1D-D157-A2DB-1C9978CD871B}.Debug|Any CPU.Build.0 = Debug|Any CPU
		{1FBE414B-2F1D-D157-A2DB-1C9978CD871B}.Release|Any CPU.ActiveCfg = Release|Any CPU
		{1FBE414B-2F1D-D157-A2DB-1C9978CD871B}.Release|Any CPU.Build.0 = Release|Any CPU
	EndGlobalSection
	GlobalSection(SolutionProperties) = preSolution
		HideSolutionNode = FALSE
	EndGlobalSection
	GlobalSection(ExtensibilityGlobals) = postSolution
		SolutionGuid = {D9BFC22D-3BD0-4627-BF1A-3CDD4C2A19A9}
	EndGlobalSection
EndGlobal
